
Microsoft Visual Studio Solution File, Format Version 12.00
# Visual Studio 15
VisualStudioVersion = 15.0.27130.2027
MinimumVisualStudioVersion = 10.0.40219.1
Project("{9A19103F-16F7-4668-BE54-9A1E7A4F7556}") = "BookstoreInventory", "BookstoreInventory\BookstoreInventory.csproj", "{117E0217-962C-425B-BB70-F12BE080D049}"
	ProjectSection(ProjectDependencies) = postProject
		{B098772B-26DD-4F6D-B43B-C28750711A32} = {B098772B-26DD-4F6D-B43B-C28750711A32}
	EndProjectSection
EndProject
Project("{9A19103F-16F7-4668-BE54-9A1E7A4F7556}") = "Entity", "Entity\Entity.csproj", "{B098772B-26DD-4F6D-B43B-C28750711A32}"
EndProject
Global
	GlobalSection(SolutionConfigurationPlatforms) = preSolution
		Debug|Any CPU = Debug|Any CPU
		Release|Any CPU = Release|Any CPU
	EndGlobalSection
	GlobalSection(ProjectConfigurationPlatforms) = postSolution
		{117E0217-962C-425B-BB70-F12BE080D049}.Debug|Any CPU.ActiveCfg = Debug|Any CPU
		{117E0217-962C-425B-BB70-F12BE080D049}.Debug|Any CPU.Build.0 = Debug|Any CPU
		{117E0217-962C-425B-BB70-F12BE080D049}.Release|Any CPU.ActiveCfg = Release|Any CPU
		{117E0217-962C-425B-BB70-F12BE080D049}.Release|Any CPU.Build.0 = Release|Any CPU
		{B098772B-26DD-4F6D-B43B-C28750711A32}.Debug|Any CPU.ActiveCfg = Debug|Any CPU
		{B098772B-26DD-4F6D-B43B-C28750711A32}.Debug|Any CPU.Build.0 = Debug|Any CPU
		{B098772B-26DD-4F6D-B43B-C28750711A32}.Release|Any CPU.ActiveCfg = Release|Any CPU
		{B098772B-26DD-4F6D-B43B-C28750711A32}.Release|Any CPU.Build.0 = Release|Any CPU
	EndGlobalSection
	GlobalSection(SolutionProperties) = preSolution
		HideSolutionNode = FALSE
	EndGlobalSection
	GlobalSection(ExtensibilityGlobals) = postSolution
		SolutionGuid = {1CD32963-D409-45BB-A08C-990EDF6F0ECE}
	EndGlobalSection
EndGlobal
